
Microsoft Visual Studio Solution File, Format Version 12.00
# Visual Studio Version 17
VisualStudioVersion = 17.8.34330.188
MinimumVisualStudioVersion = 10.0.40219.1
Project("{FAE04EC0-301F-11D3-BF4B-00C04F79EFBC}") = "Domain", "Domain\Domain.csproj", "{9D722CE8-CF5A-4603-8658-77AF12D4055B}"
EndProject
Project("{FAE04EC0-301F-11D3-BF4B-00C04F79EFBC}") = "Infrastructure", "Infrastructure\Infrastructure.csproj", "{C3394A83-CDF9-41A3-9F8E-BB8ABF17C120}"
EndProject
Project("{FAE04EC0-301F-11D3-BF4B-00C04F79EFBC}") = "Application", "Application\Application.csproj", "{B6E64CD5-C5C2-4BD2-B65C-AFD09C176F12}"
EndProject
Project("{FAE04EC0-301F-11D3-BF4B-00C04F79EFBC}") = "Library", "Library\Library.csproj", "{464014D0-1335-472A-ADFA-37747744B9EF}"
EndProject
Project("{FAE04EC0-301F-11D3-BF4B-00C04F79EFBC}") = "MVC", "MVC\MVC.csproj", "{E41A0258-EE58-46E0-9EF6-19AC602EF517}"
EndProject
Project("{FAE04EC0-301F-11D3-BF4B-00C04F79EFBC}") = "API", "API\API.csproj", "{67AE06B0-C56A-4686-9503-D2B859507827}"
EndProject
Global
	GlobalSection(SolutionConfigurationPlatforms) = preSolution
		Debug|Any CPU = Debug|Any CPU
		Release|Any CPU = Release|Any CPU
	EndGlobalSection
	GlobalSection(ProjectConfigurationPlatforms) = postSolution
		{9D722CE8-CF5A-4603-8658-77AF12D4055B}.Debug|Any CPU.ActiveCfg = Debug|Any CPU
		{9D722CE8-CF5A-4603-8658-77AF12D4055B}.Debug|Any CPU.Build.0 = Debug|Any CPU
		{9D722CE8-CF5A-4603-8658-77AF12D4055B}.Release|Any CPU.ActiveCfg = Release|Any CPU
		{9D722CE8-CF5A-4603-8658-77AF12D4055B}.Release|Any CPU.Build.0 = Release|Any CPU
		{C3394A83-CDF9-41A3-9F8E-BB8ABF17C120}.Debug|Any CPU.ActiveCfg = Debug|Any CPU
		{C3394A83-CDF9-41A3-9F8E-BB8ABF17C120}.Debug|Any CPU.Build.0 = Debug|Any CPU
		{C3394A83-CDF9-41A3-9F8E-BB8ABF17C120}.Release|Any CPU.ActiveCfg = Release|Any CPU
		{C3394A83-CDF9-41A3-9F8E-BB8ABF17C120}.Release|Any CPU.Build.0 = Release|Any CPU
		{B6E64CD5-C5C2-4BD2-B65C-AFD09C176F12}.Debug|Any CPU.ActiveCfg = Debug|Any CPU
		{B6E64CD5-C5C2-4BD2-B65C-AFD09C176F12}.Debug|Any CPU.Build.0 = Debug|Any CPU
		{B6E64CD5-C5C2-4BD2-B65C-AFD09C176F12}.Release|Any CPU.ActiveCfg = Release|Any CPU
		{B6E64CD5-C5C2-4BD2-B65C-AFD09C176F12}.Release|Any CPU.Build.0 = Release|Any CPU
		{464014D0-1335-472A-ADFA-37747744B9EF}.Debug|Any CPU.ActiveCfg = Debug|Any CPU
		{464014D0-1335-472A-ADFA-37747744B9EF}.Debug|Any CPU.Build.0 = Debug|Any CPU
		{464014D0-1335-472A-ADFA-37747744B9EF}.Release|Any CPU.ActiveCfg = Release|Any CPU
		{464014D0-1335-472A-ADFA-37747744B9EF}.Release|Any CPU.Build.0 = Release|Any CPU
		{E41A0258-EE58-46E0-9EF6-19AC602EF517}.Debug|Any CPU.ActiveCfg = Debug|Any CPU
		{E41A0258-EE58-46E0-9EF6-19AC602EF517}.Debug|Any CPU.Build.0 = Debug|Any CPU
		{E41A0258-EE58-46E0-9EF6-19AC602EF517}.Release|Any CPU.ActiveCfg = Release|Any CPU
		{E41A0258-EE58-46E0-9EF6-19AC602EF517}.Release|Any CPU.Build.0 = Release|Any CPU
		{67AE06B0-C56A-4686-9503-D2B859507827}.Debug|Any CPU.ActiveCfg = Debug|Any CPU
		{67AE06B0-C56A-4686-9503-D2B859507827}.Debug|Any CPU.Build.0 = Debug|Any CPU
		{67AE06B0-C56A-4686-9503-D2B859507827}.Release|Any CPU.ActiveCfg = Release|Any CPU
		{67AE06B0-C56A-4686-9503-D2B859507827}.Release|Any CPU.Build.0 = Release|Any CPU
	EndGlobalSection
	GlobalSection(SolutionProperties) = preSolution
		HideSolutionNode = FALSE
	EndGlobalSection
	GlobalSection(ExtensibilityGlobals) = postSolution
		SolutionGuid = {FE90AAE8-8E32-463F-AC0D-7FEEE885692A}
	EndGlobalSection
EndGlobal
